
Microsoft Visual Studio Solution File, Format Version 12.00
# Visual Studio 2013
VisualStudioVersion = 12.0.21005.1
MinimumVisualStudioVersion = 10.0.40219.1
Project("{2150E333-8FDC-42A3-9474-1A3956D46DE8}") = "Test", "Test", "{017575A2-D259-40E3-9BCD-9A5CD87B5BED}"
EndProject
Project("{2150E333-8FDC-42A3-9474-1A3956D46DE8}") = "Web", "Web", "{BB24F52D-2EFB-40C4-B978-F49B95CB5FA9}"
EndProject
Project("{2150E333-8FDC-42A3-9474-1A3956D46DE8}") = "Data", "Data", "{BC9DEE80-4D7B-4E8F-BF09-7DC4E6847407}"
EndProject
Project("{2150E333-8FDC-42A3-9474-1A3956D46DE8}") = "Services", "Services", "{B7BB12E0-DE89-4F38-A065-CA0BA5B3CDBD}"
EndProject
Project("{2150E333-8FDC-42A3-9474-1A3956D46DE8}") = "Business", "Business", "{70001F7E-D02A-4468-8876-61B6ACCA6A1E}"
EndProject
Project("{2150E333-8FDC-42A3-9474-1A3956D46DE8}") = "Util", "Util", "{465545F3-7DE3-4C27-959D-91124411CC1F}"
EndProject
Project("{FAE04EC0-301F-11D3-BF4B-00C04F79EFBC}") = "PhotoManager.UI", "PhotoManager.UI\PhotoManager.UI.csproj", "{43DAADEE-58C9-4F0A-8DD8-EAD0F1CE7090}"
EndProject
Project("{FAE04EC0-301F-11D3-BF4B-00C04F79EFBC}") = "PhotoManager.UnitTests", "PhotoManager.UnitTests\PhotoManager.UnitTests.csproj", "{8A2BAC00-5EB1-4BA5-B2DA-1DA1C35C5661}"
EndProject
Project("{FAE04EC0-301F-11D3-BF4B-00C04F79EFBC}") = "PhotoManager.Service", "PhotoManager.Service\PhotoManager.Service.csproj", "{CB8698A0-0108-4EC5-BD41-42D48B4B53E8}"
EndProject
Project("{FAE04EC0-301F-11D3-BF4B-00C04F79EFBC}") = "PhotoManager.Repository", "PhotoManager.Repository\PhotoManager.Repository.csproj", "{BBD2FD3C-F587-43D1-AA84-4388A9C38F3F}"
	ProjectSection(ProjectDependencies) = postProject
		{CB8698A0-0108-4EC5-BD41-42D48B4B53E8} = {CB8698A0-0108-4EC5-BD41-42D48B4B53E8}
	EndProjectSection
EndProject
Project("{FAE04EC0-301F-11D3-BF4B-00C04F79EFBC}") = "PhotoManager.Service.Data", "PhotoManager.Service.Data\PhotoManager.Service.Data.csproj", "{11E32058-56FB-497E-9E68-966144B95DB8}"
EndProject
Project("{FAE04EC0-301F-11D3-BF4B-00C04F79EFBC}") = "PhotoManager.Service.Contract", "PhotoManager.Service.Contract\PhotoManager.Service.Contract.csproj", "{519AFAC6-1D66-41FE-A81E-9A93116637A3}"
EndProject
Project("{FAE04EC0-301F-11D3-BF4B-00C04F79EFBC}") = "Core", "Core\Core.csproj", "{9465ECAE-7ECD-482D-8C45-DC57B53C8013}"
EndProject
Project("{FAE04EC0-301F-11D3-BF4B-00C04F79EFBC}") = "Domain", "Domain\Domain.csproj", "{CAE42CE1-8A03-4E78-B2AC-CDE3B9C077B2}"
EndProject
Global
	GlobalSection(SolutionConfigurationPlatforms) = preSolution
		Debug|Any CPU = Debug|Any CPU
		Release|Any CPU = Release|Any CPU
	EndGlobalSection
	GlobalSection(ProjectConfigurationPlatforms) = postSolution
		{43DAADEE-58C9-4F0A-8DD8-EAD0F1CE7090}.Debug|Any CPU.ActiveCfg = Debug|Any CPU
		{43DAADEE-58C9-4F0A-8DD8-EAD0F1CE7090}.Debug|Any CPU.Build.0 = Debug|Any CPU
		{43DAADEE-58C9-4F0A-8DD8-EAD0F1CE7090}.Release|Any CPU.ActiveCfg = Release|Any CPU
		{43DAADEE-58C9-4F0A-8DD8-EAD0F1CE7090}.Release|Any CPU.Build.0 = Release|Any CPU
		{8A2BAC00-5EB1-4BA5-B2DA-1DA1C35C5661}.Debug|Any CPU.ActiveCfg = Debug|Any CPU
		{8A2BAC00-5EB1-4BA5-B2DA-1DA1C35C5661}.Debug|Any CPU.Build.0 = Debug|Any CPU
		{8A2BAC00-5EB1-4BA5-B2DA-1DA1C35C5661}.Release|Any CPU.ActiveCfg = Release|Any CPU
		{8A2BAC00-5EB1-4BA5-B2DA-1DA1C35C5661}.Release|Any CPU.Build.0 = Release|Any CPU
		{CB8698A0-0108-4EC5-BD41-42D48B4B53E8}.Debug|Any CPU.ActiveCfg = Debug|Any CPU
		{CB8698A0-0108-4EC5-BD41-42D48B4B53E8}.Debug|Any CPU.Build.0 = Debug|Any CPU
		{CB8698A0-0108-4EC5-BD41-42D48B4B53E8}.Release|Any CPU.ActiveCfg = Release|Any CPU
		{CB8698A0-0108-4EC5-BD41-42D48B4B53E8}.Release|Any CPU.Build.0 = Release|Any CPU
		{BBD2FD3C-F587-43D1-AA84-4388A9C38F3F}.Debug|Any CPU.ActiveCfg = Debug|Any CPU
		{BBD2FD3C-F587-43D1-AA84-4388A9C38F3F}.Debug|Any CPU.Build.0 = Debug|Any CPU
		{BBD2FD3C-F587-43D1-AA84-4388A9C38F3F}.Release|Any CPU.ActiveCfg = Release|Any CPU
		{BBD2FD3C-F587-43D1-AA84-4388A9C38F3F}.Release|Any CPU.Build.0 = Release|Any CPU
		{11E32058-56FB-497E-9E68-966144B95DB8}.Debug|Any CPU.ActiveCfg = Debug|Any CPU
		{11E32058-56FB-497E-9E68-966144B95DB8}.Debug|Any CPU.Build.0 = Debug|Any CPU
		{11E32058-56FB-497E-9E68-966144B95DB8}.Release|Any CPU.ActiveCfg = Release|Any CPU
		{11E32058-56FB-497E-9E68-966144B95DB8}.Release|Any CPU.Build.0 = Release|Any CPU
		{519AFAC6-1D66-41FE-A81E-9A93116637A3}.Debug|Any CPU.ActiveCfg = Debug|Any CPU
		{519AFAC6-1D66-41FE-A81E-9A93116637A3}.Debug|Any CPU.Build.0 = Debug|Any CPU
		{519AFAC6-1D66-41FE-A81E-9A93116637A3}.Release|Any CPU.ActiveCfg = Release|Any CPU
		{519AFAC6-1D66-41FE-A81E-9A93116637A3}.Release|Any CPU.Build.0 = Release|Any CPU
		{9465ECAE-7ECD-482D-8C45-DC57B53C8013}.Debug|Any CPU.ActiveCfg = Debug|Any CPU
		{9465ECAE-7ECD-482D-8C45-DC57B53C8013}.Debug|Any CPU.Build.0 = Debug|Any CPU
		{9465ECAE-7ECD-482D-8C45-DC57B53C8013}.Release|Any CPU.ActiveCfg = Release|Any CPU
		{9465ECAE-7ECD-482D-8C45-DC57B53C8013}.Release|Any CPU.Build.0 = Release|Any CPU
		{CAE42CE1-8A03-4E78-B2AC-CDE3B9C077B2}.Debug|Any CPU.ActiveCfg = Debug|Any CPU
		{CAE42CE1-8A03-4E78-B2AC-CDE3B9C077B2}.Debug|Any CPU.Build.0 = Debug|Any CPU
		{CAE42CE1-8A03-4E78-B2AC-CDE3B9C077B2}.Release|Any CPU.ActiveCfg = Release|Any CPU
		{CAE42CE1-8A03-4E78-B2AC-CDE3B9C077B2}.Release|Any CPU.Build.0 = Release|Any CPU
	EndGlobalSection
	GlobalSection(SolutionProperties) = preSolution
		HideSolutionNode = FALSE
	EndGlobalSection
	GlobalSection(NestedProjects) = preSolution
		{8A2BAC00-5EB1-4BA5-B2DA-1DA1C35C5661} = {017575A2-D259-40E3-9BCD-9A5CD87B5BED}
		{43DAADEE-58C9-4F0A-8DD8-EAD0F1CE7090} = {BB24F52D-2EFB-40C4-B978-F49B95CB5FA9}
		{BBD2FD3C-F587-43D1-AA84-4388A9C38F3F} = {BC9DEE80-4D7B-4E8F-BF09-7DC4E6847407}
		{CB8698A0-0108-4EC5-BD41-42D48B4B53E8} = {B7BB12E0-DE89-4F38-A065-CA0BA5B3CDBD}
		{11E32058-56FB-497E-9E68-966144B95DB8} = {B7BB12E0-DE89-4F38-A065-CA0BA5B3CDBD}
		{519AFAC6-1D66-41FE-A81E-9A93116637A3} = {B7BB12E0-DE89-4F38-A065-CA0BA5B3CDBD}
		{CAE42CE1-8A03-4E78-B2AC-CDE3B9C077B2} = {70001F7E-D02A-4468-8876-61B6ACCA6A1E}
		{9465ECAE-7ECD-482D-8C45-DC57B53C8013} = {465545F3-7DE3-4C27-959D-91124411CC1F}
	EndGlobalSection
EndGlobal
